#MicroXplorer Configuration settings - do not modify
Dma.Request0=SDIO_RX
Dma.Request1=SDIO_TX
Dma.Request2=SPI2_RX
Dma.Request3=SPI2_TX
Dma.Request4=SPI4_RX
Dma.Request5=SPI4_TX
Dma.Request6=UART7_TX
Dma.Request7=SPI5_TX
Dma.Request8=SPI5_RX
Dma.RequestsNb=9
Dma.SDIO_RX.0.Direction=DMA_PERIPH_TO_MEMORY
Dma.SDIO_RX.0.FIFOMode=DMA_FIFOMODE_ENABLE
Dma.SDIO_RX.0.FIFOThreshold=DMA_FIFO_THRESHOLD_FULL
Dma.SDIO_RX.0.Instance=DMA2_Stream3
Dma.SDIO_RX.0.MemBurst=DMA_MBURST_INC4
Dma.SDIO_RX.0.MemDataAlignment=DMA_MDATAALIGN_WORD
Dma.SDIO_RX.0.MemInc=DMA_MINC_ENABLE
Dma.SDIO_RX.0.Mode=DMA_PFCTRL
Dma.SDIO_RX.0.PeriphBurst=DMA_PBURST_INC4
Dma.SDIO_RX.0.PeriphDataAlignment=DMA_PDATAALIGN_WORD
Dma.SDIO_RX.0.PeriphInc=DMA_PINC_DISABLE
Dma.SDIO_RX.0.Priority=DMA_PRIORITY_LOW
Dma.SDIO_RX.0.RequestParameters=Instance,Direction,PeriphInc,MemInc,PeriphDataAlignment,MemDataAlignment,Mode,Priority,FIFOMode,FIFOThreshold,MemBurst,PeriphBurst
Dma.SDIO_TX.1.Direction=DMA_MEMORY_TO_PERIPH
Dma.SDIO_TX.1.FIFOMode=DMA_FIFOMODE_ENABLE
Dma.SDIO_TX.1.FIFOThreshold=DMA_FIFO_THRESHOLD_FULL
Dma.SDIO_TX.1.Instance=DMA2_Stream6
Dma.SDIO_TX.1.MemBurst=DMA_MBURST_INC4
Dma.SDIO_TX.1.MemDataAlignment=DMA_MDATAALIGN_WORD
Dma.SDIO_TX.1.MemInc=DMA_MINC_ENABLE
Dma.SDIO_TX.1.Mode=DMA_PFCTRL
Dma.SDIO_TX.1.PeriphBurst=DMA_PBURST_INC4
Dma.SDIO_TX.1.PeriphDataAlignment=DMA_PDATAALIGN_WORD
Dma.SDIO_TX.1.PeriphInc=DMA_PINC_DISABLE
Dma.SDIO_TX.1.Priority=DMA_PRIORITY_LOW
Dma.SDIO_TX.1.RequestParameters=Instance,Direction,PeriphInc,MemInc,PeriphDataAlignment,MemDataAlignment,Mode,Priority,FIFOMode,FIFOThreshold,MemBurst,PeriphBurst
Dma.SPI2_RX.2.Direction=DMA_PERIPH_TO_MEMORY
Dma.SPI2_RX.2.FIFOMode=DMA_FIFOMODE_DISABLE
Dma.SPI2_RX.2.Instance=DMA1_Stream3
Dma.SPI2_RX.2.MemDataAlignment=DMA_MDATAALIGN_BYTE
Dma.SPI2_RX.2.MemInc=DMA_MINC_ENABLE
Dma.SPI2_RX.2.Mode=DMA_NORMAL
Dma.SPI2_RX.2.PeriphDataAlignment=DMA_PDATAALIGN_BYTE
Dma.SPI2_RX.2.PeriphInc=DMA_PINC_DISABLE
Dma.SPI2_RX.2.Priority=DMA_PRIORITY_LOW
Dma.SPI2_RX.2.RequestParameters=Instance,Direction,PeriphInc,MemInc,PeriphDataAlignment,MemDataAlignment,Mode,Priority,FIFOMode
Dma.SPI2_TX.3.Direction=DMA_MEMORY_TO_PERIPH
Dma.SPI2_TX.3.FIFOMode=DMA_FIFOMODE_DISABLE
Dma.SPI2_TX.3.Instance=DMA1_Stream4
Dma.SPI2_TX.3.MemDataAlignment=DMA_MDATAALIGN_BYTE
Dma.SPI2_TX.3.MemInc=DMA_MINC_ENABLE
Dma.SPI2_TX.3.Mode=DMA_NORMAL
Dma.SPI2_TX.3.PeriphDataAlignment=DMA_PDATAALIGN_BYTE
Dma.SPI2_TX.3.PeriphInc=DMA_PINC_DISABLE
Dma.SPI2_TX.3.Priority=DMA_PRIORITY_LOW
Dma.SPI2_TX.3.RequestParameters=Instance,Direction,PeriphInc,MemInc,PeriphDataAlignment,MemDataAlignment,Mode,Priority,FIFOMode
Dma.SPI4_RX.4.Direction=DMA_PERIPH_TO_MEMORY
Dma.SPI4_RX.4.FIFOMode=DMA_FIFOMODE_DISABLE
Dma.SPI4_RX.4.Instance=DMA2_Stream0
Dma.SPI4_RX.4.MemDataAlignment=DMA_MDATAALIGN_BYTE
Dma.SPI4_RX.4.MemInc=DMA_MINC_ENABLE
Dma.SPI4_RX.4.Mode=DMA_NORMAL
Dma.SPI4_RX.4.PeriphDataAlignment=DMA_PDATAALIGN_BYTE
Dma.SPI4_RX.4.PeriphInc=DMA_PINC_DISABLE
Dma.SPI4_RX.4.Priority=DMA_PRIORITY_LOW
Dma.SPI4_RX.4.RequestParameters=Instance,Direction,PeriphInc,MemInc,PeriphDataAlignment,MemDataAlignment,Mode,Priority,FIFOMode
Dma.SPI4_TX.5.Direction=DMA_MEMORY_TO_PERIPH
Dma.SPI4_TX.5.FIFOMode=DMA_FIFOMODE_DISABLE
Dma.SPI4_TX.5.Instance=DMA2_Stream1
Dma.SPI4_TX.5.MemDataAlignment=DMA_MDATAALIGN_BYTE
Dma.SPI4_TX.5.MemInc=DMA_MINC_ENABLE
Dma.SPI4_TX.5.Mode=DMA_NORMAL
Dma.SPI4_TX.5.PeriphDataAlignment=DMA_PDATAALIGN_BYTE
Dma.SPI4_TX.5.PeriphInc=DMA_PINC_DISABLE
Dma.SPI4_TX.5.Priority=DMA_PRIORITY_LOW
Dma.SPI4_TX.5.RequestParameters=Instance,Direction,PeriphInc,MemInc,PeriphDataAlignment,MemDataAlignment,Mode,Priority,FIFOMode
Dma.SPI5_RX.8.Direction=DMA_PERIPH_TO_MEMORY
Dma.SPI5_RX.8.FIFOMode=DMA_FIFOMODE_DISABLE
Dma.SPI5_RX.8.Instance=DMA2_Stream5
Dma.SPI5_RX.8.MemDataAlignment=DMA_MDATAALIGN_BYTE
Dma.SPI5_RX.8.MemInc=DMA_MINC_ENABLE
Dma.SPI5_RX.8.Mode=DMA_NORMAL
Dma.SPI5_RX.8.PeriphDataAlignment=DMA_PDATAALIGN_BYTE
Dma.SPI5_RX.8.PeriphInc=DMA_PINC_DISABLE
Dma.SPI5_RX.8.Priority=DMA_PRIORITY_LOW
Dma.SPI5_RX.8.RequestParameters=Instance,Direction,PeriphInc,MemInc,PeriphDataAlignment,MemDataAlignment,Mode,Priority,FIFOMode
Dma.SPI5_TX.7.Direction=DMA_MEMORY_TO_PERIPH
Dma.SPI5_TX.7.FIFOMode=DMA_FIFOMODE_DISABLE
Dma.SPI5_TX.7.Instance=DMA2_Stream4
Dma.SPI5_TX.7.MemDataAlignment=DMA_MDATAALIGN_BYTE
Dma.SPI5_TX.7.MemInc=DMA_MINC_ENABLE
Dma.SPI5_TX.7.Mode=DMA_NORMAL
Dma.SPI5_TX.7.PeriphDataAlignment=DMA_PDATAALIGN_BYTE
Dma.SPI5_TX.7.PeriphInc=DMA_PINC_DISABLE
Dma.SPI5_TX.7.Priority=DMA_PRIORITY_LOW
Dma.SPI5_TX.7.RequestParameters=Instance,Direction,PeriphInc,MemInc,PeriphDataAlignment,MemDataAlignment,Mode,Priority,FIFOMode
Dma.UART7_TX.6.Direction=DMA_MEMORY_TO_PERIPH
Dma.UART7_TX.6.FIFOMode=DMA_FIFOMODE_DISABLE
Dma.UART7_TX.6.Instance=DMA1_Stream1
Dma.UART7_TX.6.MemDataAlignment=DMA_MDATAALIGN_BYTE
Dma.UART7_TX.6.MemInc=DMA_MINC_ENABLE
Dma.UART7_TX.6.Mode=DMA_NORMAL
Dma.UART7_TX.6.PeriphDataAlignment=DMA_PDATAALIGN_BYTE
Dma.UART7_TX.6.PeriphInc=DMA_PINC_DISABLE
Dma.UART7_TX.6.Priority=DMA_PRIORITY_LOW
Dma.UART7_TX.6.RequestParameters=Instance,Direction,PeriphInc,MemInc,PeriphDataAlignment,MemDataAlignment,Mode,Priority,FIFOMode
FATFS.BSP.number=1
FATFS.IPParameters=_MAX_SS,_FS_LOCK,USE_DMA_CODE_SD,_USE_LFN,_USE_FIND,_CODE_PAGE,_LFN_UNICODE,_STRF_ENCODE
FATFS.USE_DMA_CODE_SD=1
FATFS._CODE_PAGE=850
FATFS._FS_LOCK=5
FATFS._LFN_UNICODE=0
FATFS._MAX_SS=4096
FATFS._STRF_ENCODE=3
FATFS._USE_FIND=1
FATFS._USE_LFN=1
FATFS0.BSP.STBoard=false
FATFS0.BSP.api=Unknown
FATFS0.BSP.component=
FATFS0.BSP.condition=
FATFS0.BSP.i2caddr=0
FATFS0.BSP.i2creg=
FATFS0.BSP.instance=PB12
FATFS0.BSP.ip=GPIO
FATFS0.BSP.mode=Input
FATFS0.BSP.name=Detect_SDIO
FATFS0.BSP.semaphore=
FATFS0.BSP.solution=PB12
File.Version=6
GPIO.groupedBy=Group By Peripherals
I2C1.I2C_Mode=I2C_Fast
I2C1.IPParameters=I2C_Mode
IWDG.IPParameters=Prescaler
IWDG.Prescaler=IWDG_PRESCALER_64
KeepUserPlacement=false
Mcu.CPN=STM32F413CGU3
Mcu.Family=STM32F4
Mcu.IP0=DMA
Mcu.IP1=FATFS
Mcu.IP10=SYS
Mcu.IP11=TIM3
Mcu.IP12=TIM6
Mcu.IP13=TIM7
Mcu.IP14=TIM9
Mcu.IP15=UART7
Mcu.IP2=I2C1
Mcu.IP3=IWDG
Mcu.IP4=NVIC
Mcu.IP5=RCC
Mcu.IP6=SDIO
Mcu.IP7=SPI2
Mcu.IP8=SPI4
Mcu.IP9=SPI5
Mcu.IPNb=16
Mcu.Name=STM32F413C(G-H)Ux
Mcu.Package=UFQFPN48
Mcu.Pin0=PC13
Mcu.Pin1=PC14-OSC32_IN
Mcu.Pin10=PA5
Mcu.Pin11=PA6
Mcu.Pin12=PA7
Mcu.Pin13=PB0
Mcu.Pin14=PB1
Mcu.Pin15=PB2
Mcu.Pin16=PB10
Mcu.Pin17=PB12
Mcu.Pin18=PB13
Mcu.Pin19=PB14
Mcu.Pin2=PC15-OSC32_OUT
Mcu.Pin20=PB15
Mcu.Pin21=PA8
Mcu.Pin22=PA9
Mcu.Pin23=PA10
Mcu.Pin24=PA11
Mcu.Pin25=PA12
Mcu.Pin26=PA13
Mcu.Pin27=PA14
Mcu.Pin28=PA15
Mcu.Pin29=PB3
Mcu.Pin3=PH0 - OSC_IN
Mcu.Pin30=PB4
Mcu.Pin31=PB5
Mcu.Pin32=PB6
Mcu.Pin33=PB7
Mcu.Pin34=PB8
Mcu.Pin35=PB9
Mcu.Pin36=VP_FATFS_VS_SDIO
Mcu.Pin37=VP_IWDG_VS_IWDG
Mcu.Pin38=VP_SYS_VS_tim1
Mcu.Pin39=VP_TIM6_VS_ClockSourceINT
Mcu.Pin4=PH1 - OSC_OUT
Mcu.Pin40=VP_TIM7_VS_ClockSourceINT
Mcu.Pin5=PA0
Mcu.Pin6=PA1
Mcu.Pin7=PA2
Mcu.Pin8=PA3
Mcu.Pin9=PA4
Mcu.PinsNb=41
Mcu.ThirdPartyNb=0
Mcu.UserConstants=
Mcu.UserName=STM32F413CGUx
MxCube.Version=6.5.0
MxDb.Version=DB.6.0.50
NVIC.BusFault_IRQn=true\:0\:0\:false\:false\:true\:false\:false\:true
NVIC.DMA1_Stream1_IRQn=true\:0\:0\:false\:false\:true\:false\:true\:true
NVIC.DMA1_Stream3_IRQn=true\:0\:0\:false\:false\:true\:false\:true\:true
NVIC.DMA1_Stream4_IRQn=true\:0\:0\:true\:false\:true\:false\:true\:true
NVIC.DMA2_Stream0_IRQn=true\:0\:0\:false\:false\:true\:false\:true\:true
NVIC.DMA2_Stream1_IRQn=true\:0\:0\:false\:false\:true\:false\:true\:true
NVIC.DMA2_Stream3_IRQn=true\:0\:0\:false\:false\:true\:false\:true\:true
NVIC.DMA2_Stream4_IRQn=true\:0\:0\:false\:false\:true\:false\:true\:true
NVIC.DMA2_Stream5_IRQn=true\:0\:0\:false\:false\:true\:false\:true\:true
NVIC.DMA2_Stream6_IRQn=true\:0\:0\:false\:false\:true\:false\:true\:true
NVIC.DebugMonitor_IRQn=true\:0\:0\:false\:false\:true\:false\:false\:true
NVIC.EXTI4_IRQn=true\:0\:0\:false\:false\:true\:true\:true\:true
NVIC.EXTI9_5_IRQn=true\:0\:0\:false\:false\:true\:true\:true\:true
NVIC.ForceEnableDMAVector=true
NVIC.HardFault_IRQn=true\:0\:0\:false\:false\:true\:false\:false\:true
NVIC.MemoryManagement_IRQn=true\:0\:0\:false\:false\:true\:false\:false\:true
NVIC.NonMaskableInt_IRQn=true\:0\:0\:false\:false\:true\:false\:false\:true
NVIC.PendSV_IRQn=true\:0\:0\:false\:false\:true\:false\:false\:true
NVIC.PriorityGroup=NVIC_PRIORITYGROUP_4
NVIC.SDIO_IRQn=true\:0\:0\:false\:false\:true\:true\:true\:true
NVIC.SPI2_IRQn=true\:0\:0\:false\:false\:true\:true\:true\:true
NVIC.SPI4_IRQn=true\:0\:0\:false\:false\:true\:true\:true\:true
NVIC.SPI5_IRQn=true\:0\:0\:false\:false\:true\:true\:true\:true
NVIC.SVCall_IRQn=true\:0\:0\:false\:false\:true\:false\:false\:true
NVIC.SysTick_IRQn=true\:0\:0\:true\:false\:true\:false\:true\:true
NVIC.TIM1_UP_TIM10_IRQn=true\:15\:0\:false\:false\:true\:false\:true\:true
NVIC.TIM6_DAC_IRQn=true\:0\:0\:false\:false\:true\:true\:true\:true
NVIC.TIM7_IRQn=true\:0\:0\:false\:false\:true\:true\:true\:true
NVIC.TimeBase=TIM1_UP_TIM10_IRQn
NVIC.TimeBaseIP=TIM1
NVIC.UART7_IRQn=true\:0\:0\:false\:false\:true\:true\:true\:true
NVIC.UsageFault_IRQn=true\:0\:0\:false\:false\:true\:false\:false\:true
PA0.GPIOParameters=GPIO_Label
PA0.GPIO_Label=BAT_CG_WAKE_OUT
PA0.Mode=SYS_WakeUp0
PA0.Signal=SYS_WKUP1
PA1.GPIOParameters=GPIO_Label
PA1.GPIO_Label=ECG_MOSI
PA1.Locked=true
PA1.Mode=Full_Duplex_Master
PA1.Signal=SPI4_MOSI
PA10.GPIOParameters=GPIO_Label
PA10.GPIO_Label=PPG_MOSI
PA10.Locked=true
PA10.Mode=Full_Duplex_Master
PA10.Signal=SPI2_MOSI
PA11.GPIOParameters=GPIO_Label
PA11.GPIO_Label=ECG_MISO
PA11.Locked=true
PA11.Mode=Full_Duplex_Master
PA11.Signal=SPI4_MISO
PA12.GPIOParameters=GPIO_Label
PA12.GPIO_Label=VPP_EN
PA12.Locked=true
PA12.Signal=GPIO_Output
PA13.Locked=true
PA13.Mode=Serial_Wire
PA13.Signal=SYS_JTMS-SWDIO
PA14.Locked=true
PA14.Mode=Serial_Wire
PA14.Signal=SYS_JTCK-SWCLK
PA15.GPIOParameters=GPIO_PuPd,GPIO_Label
PA15.GPIO_Label=BLE_TX
PA15.GPIO_PuPd=GPIO_NOPULL
PA15.Locked=true
PA15.Mode=Asynchronous
PA15.Signal=UART7_TX
PA2.GPIOParameters=GPIO_Label
PA2.GPIO_Label=LCD_PWM
PA2.Locked=true
PA2.Signal=S_TIM9_CH1
PA3.GPIOParameters=GPIO_Label
PA3.GPIO_Label=BLE_MOD
PA3.Locked=true
PA3.Signal=GPIO_Output
PA4.GPIOParameters=GPIO_Label
PA4.GPIO_Label=SW2
PA4.Locked=true
PA4.Signal=GPXTI4
PA5.GPIOParameters=GPIO_Label
PA5.GPIO_Label=SW1
PA5.Locked=true
PA5.Signal=GPXTI5
PA6.GPIOParameters=GPIO_Label
PA6.GPIO_Label=SD_CMD
PA6.Locked=true
PA6.Mode=SD_4_bits_Wide_bus
PA6.Signal=SDIO_CMD
PA7.GPIOParameters=GPIO_Label
PA7.GPIO_Label=SW3
PA7.Locked=true
PA7.Signal=GPXTI7
PA8.GPIOParameters=GPIO_Label
PA8.GPIO_Label=SD_D1
PA8.Locked=true
PA8.Mode=SD_4_bits_Wide_bus
PA8.Signal=SDIO_D1
PA9.GPIOParameters=GPIO_Label
PA9.GPIO_Label=SD_D2
PA9.Locked=true
PA9.Mode=SD_4_bits_Wide_bus
PA9.Signal=SDIO_D2
PB0.GPIOParameters=GPIO_PuPd,GPIO_Label
PB0.GPIO_Label=LCD_SCK
PB0.GPIO_PuPd=GPIO_PULLUP
PB0.Locked=true
PB0.Mode=Simplex_Bidirectional_Master
PB0.Signal=SPI5_SCK
PB1.GPIOParameters=GPIO_Label
PB1.GPIO_Label=SP_PWM
PB1.Signal=S_TIM3_CH4
PB10.GPIOParameters=GPIO_Label
PB10.GPIO_Label=PPG_SCK
PB10.Locked=true
PB10.Mode=Full_Duplex_Master
PB10.Signal=SPI2_SCK
PB12.GPIOParameters=GPIO_PuPd,GPIO_Label
PB12.GPIO_Label=SD_SW
PB12.GPIO_PuPd=GPIO_PULLUP
PB12.Locked=true
PB12.Signal=GPIO_Input
PB13.GPIOParameters=GPIO_Label
PB13.GPIO_Label=ECG_SCK
PB13.Locked=true
PB13.Mode=Full_Duplex_Master
PB13.Signal=SPI4_SCK
PB14.GPIOParameters=GPIO_Label
PB14.GPIO_Label=PPG_MISO
PB14.Locked=true
PB14.Mode=Full_Duplex_Master
PB14.Signal=SPI2_MISO
PB15.GPIOParameters=GPIO_Label
PB15.GPIO_Label=SD_CLK
PB15.Locked=true
PB15.Mode=SD_4_bits_Wide_bus
PB15.Signal=SDIO_CK
PB2.GPIOParameters=GPIO_Label
PB2.GPIO_Label=LCD_DC
PB2.Locked=true
PB2.Signal=GPIO_Output
PB3.GPIOParameters=GPIO_PuPd,GPIO_Label
PB3.GPIO_Label=BLE_RX
PB3.GPIO_PuPd=GPIO_NOPULL
PB3.Locked=true
PB3.Mode=Asynchronous
PB3.Signal=UART7_RX
PB4.GPIOParameters=GPIO_Label
PB4.GPIO_Label=SD_D0
PB4.Locked=true
PB4.Mode=SD_4_bits_Wide_bus
PB4.Signal=SDIO_D0
PB5.GPIOParameters=GPIO_Label
PB5.GPIO_Label=SD_D3
PB5.Locked=true
PB5.Mode=SD_4_bits_Wide_bus
PB5.Signal=SDIO_D3
PB6.GPIOParameters=GPIO_Label,GPIO_Pu
PB6.GPIO_Label=BAT_IMU_SCL
PB6.GPIO_Pu=GPIO_PULLUP
PB6.Locked=true
PB6.Mode=I2C
PB6.Signal=I2C1_SCL
PB7.GPIOParameters=GPIO_Label,GPIO_Pu
PB7.GPIO_Label=BAT_IMU_SDA
PB7.GPIO_Pu=GPIO_PULLUP
PB7.Locked=true
PB7.Mode=I2C
PB7.Signal=I2C1_SDA
PB8.GPIOParameters=GPIO_PuPd,GPIO_Label
PB8.GPIO_Label=LCD_MOSI
PB8.GPIO_PuPd=GPIO_PULLUP
PB8.Locked=true
PB8.Mode=Simplex_Bidirectional_Master
PB8.Signal=SPI5_MOSI
PB9.GPIOParameters=GPIO_Label
PB9.GPIO_Label=LCD_RES
PB9.Locked=true
PB9.Signal=GPIO_Output
PC13.GPIOParameters=GPIO_Label
PC13.GPIO_Label=ECG_CS
PC13.Locked=true
PC13.Signal=GPIO_Output
PC14-OSC32_IN.GPIOParameters=GPIO_Label
PC14-OSC32_IN.GPIO_Label=PPG_CS
PC14-OSC32_IN.Locked=true
PC14-OSC32_IN.Signal=GPIO_Output
PC15-OSC32_OUT.GPIOParameters=GPIO_PuPd,GPIO_Label
PC15-OSC32_OUT.GPIO_Label=BAT_CG_POK
PC15-OSC32_OUT.GPIO_PuPd=GPIO_PULLUP
PC15-OSC32_OUT.Locked=true
PC15-OSC32_OUT.Signal=GPIO_Input
PH0\ -\ OSC_IN.Locked=true
PH0\ -\ OSC_IN.Mode=HSE-External-Oscillator
PH0\ -\ OSC_IN.Signal=RCC_OSC_IN
PH1\ -\ OSC_OUT.Locked=true
PH1\ -\ OSC_OUT.Mode=HSE-External-Oscillator
PH1\ -\ OSC_OUT.Signal=RCC_OSC_OUT
PinOutPanel.RotationAngle=0
ProjectManager.AskForMigrate=true
ProjectManager.BackupPrevious=false
ProjectManager.CompilerOptimize=6
ProjectManager.ComputerToolchain=false
ProjectManager.CoupleFile=false
ProjectManager.CustomerFirmwarePackage=..\\..\\..\\STM32Cube\\Repository\\STM32Cube_FW_F4_V1.25.0
ProjectManager.DefaultFWLocation=false
ProjectManager.DeletePrevious=true
ProjectManager.DeviceId=STM32F413CGUx
ProjectManager.FirmwarePackage=STM32Cube FW_F4 V1.27.0
ProjectManager.FreePins=false
ProjectManager.HalAssertFull=false
ProjectManager.HeapSize=0x10000
ProjectManager.KeepUserCode=true
ProjectManager.LastFirmware=false
ProjectManager.LibraryCopy=0
ProjectManager.MainLocation=Core/Src
ProjectManager.NoMain=false
ProjectManager.PreviousToolchain=
ProjectManager.ProjectBuild=false
ProjectManager.ProjectFileName=Watch_1.0.ioc
ProjectManager.ProjectName=Watch_1.0
ProjectManager.RegisterCallBack=
ProjectManager.StackSize=0x10000
ProjectManager.TargetToolchain=MDK-ARM V5.32
ProjectManager.ToolChainLocation=
ProjectManager.UnderRoot=false
ProjectManager.functionlistsort=1-MX_GPIO_Init-GPIO-false-HAL-true,2-SystemClock_Config-RCC-false-HAL-false,3-MX_SDIO_SD_Init-SDIO-false-HAL-true,4-MX_SPI2_Init-SPI2-false-HAL-true,5-MX_SPI5_Init-SPI5-false-HAL-true,6-MX_TIM9_Init-TIM9-false-HAL-true,7-MX_FATFS_Init-FATFS-false-HAL-false,8-MX_DMA_Init-DMA-false-HAL-true,9-MX_I2C1_Init-I2C1-false-HAL-true,10-MX_SPI4_Init-SPI4-false-HAL-true,11-MX_TIM3_Init-TIM3-false-HAL-true,12-MX_UART7_Init-UART7-false-HAL-true,13-MX_TIM6_Init-TIM6-false-HAL-true,14-MX_TIM7_Init-TIM7-false-HAL-true,15-MX_IWDG_Init-IWDG-false-HAL-true
RCC.AHBFreq_Value=50000000
RCC.APB1Freq_Value=50000000
RCC.APB1TimFreq_Value=50000000
RCC.APB2Freq_Value=50000000
RCC.APB2TimFreq_Value=50000000
RCC.CortexFreq_Value=50000000
RCC.DFSDM2AudioFreq_Value=150000000
RCC.DFSDM2Freq_Value=50000000
RCC.DFSDMAudioFreq_Value=150000000
RCC.DFSDMFreq_Value=50000000
RCC.FCLKCortexFreq_Value=50000000
RCC.FMPI2C1Freq_Value=50000000
RCC.FamilyName=M
RCC.HCLKFreq_Value=50000000
RCC.I2S1Freq_Value=150000000
RCC.I2S2Freq_Value=150000000
RCC.IPParameters=AHBFreq_Value,APB1Freq_Value,APB1TimFreq_Value,APB2Freq_Value,APB2TimFreq_Value,CortexFreq_Value,DFSDM2AudioFreq_Value,DFSDM2Freq_Value,DFSDMAudioFreq_Value,DFSDMFreq_Value,FCLKCortexFreq_Value,FMPI2C1Freq_Value,FamilyName,HCLKFreq_Value,I2S1Freq_Value,I2S2Freq_Value,LPTimerFreq_Value,PLLCLKFreq_Value,PLLI2SQCLKFreq_Value,PLLI2SRCLKFreq_Value,PLLM,PLLN,PLLP,PLLQ,PLLQCLKFreq_Value,PLLQoutputFreq_Value,PLLRCLKFreq_Value,PLLRoutputFreq_Value,PLLSourceVirtual,PWRFreq_Value,RNGFreq_Value,SAI1AFreq_Value,SAI1BFreq_Value,SDIOCLockSelection,SDIOFreq_Value,SYSCLKFreq_VALUE,SYSCLKSource,USBFreq_Value,VCOI2SInputFreq_Value,VCOI2SOutputFreq_Value,VCOInputFreq_Value,VCOOutputFreq_Value
RCC.LPTimerFreq_Value=50000000
RCC.PLLCLKFreq_Value=50000000
RCC.PLLI2SQCLKFreq_Value=150000000
RCC.PLLI2SRCLKFreq_Value=150000000
RCC.PLLM=12
RCC.PLLN=96
RCC.PLLP=RCC_PLLP_DIV4
RCC.PLLQ=15
RCC.PLLQCLKFreq_Value=13333333.333333334
RCC.PLLQoutputFreq_Value=13333333.333333334
RCC.PLLRCLKFreq_Value=100000000
RCC.PLLRoutputFreq_Value=100000000
RCC.PLLSourceVirtual=RCC_PLLSOURCE_HSE
RCC.PWRFreq_Value=50000000
RCC.RNGFreq_Value=13333333.333333334
RCC.SAI1AFreq_Value=25000000
RCC.SAI1BFreq_Value=25000000
RCC.SDIOCLockSelection=RCC_SDIOCLKSOURCE_SYSCLK
RCC.SDIOFreq_Value=50000000
RCC.SYSCLKFreq_VALUE=50000000
RCC.SYSCLKSource=RCC_SYSCLKSOURCE_PLLCLK
RCC.USBFreq_Value=13333333.333333334
RCC.VCOI2SInputFreq_Value=1562500
RCC.VCOI2SOutputFreq_Value=300000000
RCC.VCOInputFreq_Value=2083333.3333333333
RCC.VCOOutputFreq_Value=200000000
SDIO.ClockBypass=SDIO_CLOCK_BYPASS_DISABLE
SDIO.ClockDiv=5
SDIO.IPParameters=ClockBypass,ClockDiv
SH.GPXTI4.0=GPIO_EXTI4
SH.GPXTI4.ConfNb=1
SH.GPXTI5.0=GPIO_EXTI5
SH.GPXTI5.ConfNb=1
SH.GPXTI7.0=GPIO_EXTI7
SH.GPXTI7.ConfNb=1
SH.S_TIM3_CH4.0=TIM3_CH4,PWM Generation4 CH4
SH.S_TIM3_CH4.ConfNb=1
SH.S_TIM9_CH1.0=TIM9_CH1,PWM Generation1 CH1
SH.S_TIM9_CH1.ConfNb=1
SPI2.BaudRatePrescaler=SPI_BAUDRATEPRESCALER_4
SPI2.CLKPolarity=SPI_POLARITY_LOW
SPI2.CalculateBaudRate=12.5 MBits/s
SPI2.Direction=SPI_DIRECTION_2LINES
SPI2.IPParameters=VirtualType,Mode,Direction,CalculateBaudRate,CLKPolarity,BaudRatePrescaler
SPI2.Mode=SPI_MODE_MASTER
SPI2.VirtualType=VM_MASTER
SPI4.BaudRatePrescaler=SPI_BAUDRATEPRESCALER_4
SPI4.CalculateBaudRate=12.5 MBits/s
SPI4.Direction=SPI_DIRECTION_2LINES
SPI4.IPParameters=VirtualType,Mode,Direction,CalculateBaudRate,BaudRatePrescaler
SPI4.Mode=SPI_MODE_MASTER
SPI4.VirtualType=VM_MASTER
SPI5.BaudRatePrescaler=SPI_BAUDRATEPRESCALER_4
SPI5.CalculateBaudRate=12.5 MBits/s
SPI5.Direction=SPI_DIRECTION_1LINE
SPI5.IPParameters=VirtualType,Mode,Direction,CalculateBaudRate,BaudRatePrescaler
SPI5.Mode=SPI_MODE_MASTER
SPI5.VirtualType=VM_MASTER
TIM3.Channel-PWM\ Generation4\ CH4=TIM_CHANNEL_4
TIM3.IPParameters=Channel-PWM Generation4 CH4,Prescaler,Period
TIM3.Period=250
TIM3.Prescaler=24
TIM6.IPParameters=Prescaler,Period
TIM6.Period=10000-1
TIM6.Prescaler=200-1
TIM7.IPParameters=Prescaler,Period
TIM7.Period=10000-1
TIM7.Prescaler=500-1
TIM9.Channel-PWM\ Generation1\ CH1=TIM_CHANNEL_1
TIM9.IPParameters=Channel-PWM Generation1 CH1,Prescaler,Period
TIM9.Period=1000-1
TIM9.Prescaler=24
UART7.IPParameters=VirtualMode,OverSampling
UART7.OverSampling=UART_OVERSAMPLING_8
UART7.VirtualMode=Asynchronous
VP_FATFS_VS_SDIO.Mode=SDIO
VP_FATFS_VS_SDIO.Signal=FATFS_VS_SDIO
VP_IWDG_VS_IWDG.Mode=IWDG_Activate
VP_IWDG_VS_IWDG.Signal=IWDG_VS_IWDG
VP_SYS_VS_tim1.Mode=TIM1
VP_SYS_VS_tim1.Signal=SYS_VS_tim1
VP_TIM6_VS_ClockSourceINT.Mode=Enable_Timer
VP_TIM6_VS_ClockSourceINT.Signal=TIM6_VS_ClockSourceINT
VP_TIM7_VS_ClockSourceINT.Mode=Enable_Timer
VP_TIM7_VS_ClockSourceINT.Signal=TIM7_VS_ClockSourceINT
board=custom
